{
  "requires": true,
  "lockfileVersion": 1,
  "dependencies": {
    "@fortawesome/fontawesome-free": {
      "version": "5.15.1"
    },
    "ui-glassmorphism": {
      "version": "0.0.1",
      "resolved": "https://registry.npmjs.org/ui-glassmorphism/-/ui-glassmorphism-0.0.1.tgz",
      "integrity": "sha512-4yIPYfn3RyTnjimOFgB8S+43LHF4KixIhGIxJGBxfqaphcv1PtcUT258RecVTlwhB3Mja9xqxjuFBnfILwmCIQ=="
    }
  }
}
